
Microsoft Visual Studio Solution File, Format Version 12.00
# Visual Studio Version 16
VisualStudioVersion = 16.0.29123.88
MinimumVisualStudioVersion = 10.0.40219.1
Project("{FAE04EC0-301F-11D3-BF4B-00C04F79EFBC}") = "NthDimension", "NthDimension\NthDimension.csproj", "{239E7FFD-BD08-4572-ABCF-E3F291213798}"
EndProject
Project("{FAE04EC0-301F-11D3-BF4B-00C04F79EFBC}") = "NthDimension.Rasterizer", "NthDimension.OpenGL\NthDimension.Rasterizer.csproj", "{8FA1BC9B-47ED-4838-95B3-03589355EAFB}"
EndProject
Project("{FAE04EC0-301F-11D3-BF4B-00C04F79EFBC}") = "NthDimension.Rasterizer.WindowsGL", "NthDimension.OpenGL.Windows\NthDimension.Rasterizer.WindowsGL.csproj", "{C7270C8D-83C5-441E-A22A-889F013A4BE5}"
EndProject
Project("{FAE04EC0-301F-11D3-BF4B-00C04F79EFBC}") = "NthDimension.Forms", "NthDimension.Forms\NthDimension.Forms.csproj", "{4A53F318-33FA-4D2E-9BD9-DAB371F010BE}"
EndProject
Project("{FAE04EC0-301F-11D3-BF4B-00C04F79EFBC}") = "NthDimension.Math", "NthDimension.Math\NthDimension.Math.csproj", "{9D509CA6-5635-4C05-AD73-76F97CFBABA7}"
EndProject
Project("{FAE04EC0-301F-11D3-BF4B-00C04F79EFBC}") = "NthStudio", "NthStudio\NthStudio.csproj", "{ECB1D628-C0CF-419C-AABA-B6277658828D}"
EndProject
Project("{2150E333-8FDC-42A3-9474-1A3956D46DE8}") = "Graphics Engine (SDK)", "Graphics Engine (SDK)", "{64161CF8-9A52-4486-B0EA-F18DF2D99A49}"
EndProject
Project("{2150E333-8FDC-42A3-9474-1A3956D46DE8}") = "(Applications)", "(Applications)", "{ECF3A926-C6F6-4172-9905-110ED39A1E7B}"
EndProject
Project("{2150E333-8FDC-42A3-9474-1A3956D46DE8}") = "Plugins", "Plugins", "{C465F876-55F4-4C41-BA9B-D954969B7A48}"
EndProject
Project("{FAE04EC0-301F-11D3-BF4B-00C04F79EFBC}") = "NthStudio.Plugins", "NthStudio.Plugins\NthStudio.Plugins.csproj", "{3A00E1D0-1DE5-449B-B9EA-2EEA46A6CC0F}"
EndProject
Project("{FAE04EC0-301F-11D3-BF4B-00C04F79EFBC}") = "NthDimension.Network", "NthDimension.Network\NthDimension.Network.csproj", "{9E92AC80-5200-4DB5-9C91-B2EC1FDB930F}"
EndProject
Project("{2150E333-8FDC-42A3-9474-1A3956D46DE8}") = "Solution Items", "Solution Items", "{D9E624AF-7F5A-4F0B-B347-86BC271B8152}"
EndProject
Project("{2150E333-8FDC-42A3-9474-1A3956D46DE8}") = "Scripting Engine (SDK)", "Scripting Engine (SDK)", "{6B4203B2-B734-4F34-8DB2-5A2FFA9B3E34}"
EndProject
Project("{2150E333-8FDC-42A3-9474-1A3956D46DE8}") = "NthStudio", "NthStudio", "{43E556E8-B9A6-4F6E-B699-C66A8203D1C2}"
EndProject
Project("{FAE04EC0-301F-11D3-BF4B-00C04F79EFBC}") = "NthDimension.Compiler", "NthDimension.Compiler\NthDimension.Compiler.csproj", "{7D4E98CC-BB51-4BCB-BC75-422A37ACF8B6}"
EndProject
Project("{FAE04EC0-301F-11D3-BF4B-00C04F79EFBC}") = "NthDimension.Math.Extended", "NthDimension.Math.Extended\NthDimension.Math.Extended.csproj", "{DDEBD4A4-3232-4F28-A674-9CC75A7F49E0}"
EndProject
Project("{FAE04EC0-301F-11D3-BF4B-00C04F79EFBC}") = "NthStudio.WinForms", "NthStudio.WinForms\NthStudio.WinForms.csproj", "{816801C1-6CB2-4A0A-9975-7C1A497ECFAC}"
EndProject
Project("{FAE04EC0-301F-11D3-BF4B-00C04F79EFBC}") = "NthDimension.Procedural", "NthDimension.Procedural\NthDimension.Procedural.csproj", "{F0F7BFE9-E33B-4956-A7A6-D9F05CD54B2D}"
EndProject
Project("{FAE04EC0-301F-11D3-BF4B-00C04F79EFBC}") = "NthDimension.Compute", "NthDimension.Cloo\NthDimension.Compute.csproj", "{73A2F09D-9BCF-4FDA-9428-4D0E239F858D}"
EndProject
Project("{FAE04EC0-301F-11D3-BF4B-00C04F79EFBC}") = "SciterSharpWindows", "..\Scitter\SciterSharpWindows.csproj", "{18B2E4E7-CB77-44C3-865B-BE05620ABA4D}"
EndProject
Project("{FAE04EC0-301F-11D3-BF4B-00C04F79EFBC}") = "NthDimension.FFMpeg", "NthDimension.FFMpeg\NthDimension.FFMpeg.csproj", "{B20726D0-F6B5-4028-9E10-20D2AA51277E}"
EndProject
Project("{2150E333-8FDC-42A3-9474-1A3956D46DE8}") = "ThirdParty", "ThirdParty", "{F24E2444-67F1-4F0E-8A08-2B65AE1D44CB}"
EndProject
Project("{FAE04EC0-301F-11D3-BF4B-00C04F79EFBC}") = "NthDimension.Server", "NthDimension.Server\NthDimension.Server.csproj", "{2F07DF26-FD0F-46A4-9D04-1269A692A5AC}"
EndProject
Project("{2150E333-8FDC-42A3-9474-1A3956D46DE8}") = "ThirdParty", "ThirdParty", "{8D054AB2-B55C-49A9-8334-66CCEE615AE5}"
EndProject
Project("{FAE04EC0-301F-11D3-BF4B-00C04F79EFBC}") = "Lidgren.Network", "Lidgren.Network\Lidgren.Network.csproj", "{49BA1C69-6104-41AC-A5D8-B54FA9F696E8}"
EndProject
Project("{2150E333-8FDC-42A3-9474-1A3956D46DE8}") = "Network Engine (SDK)", "Network Engine (SDK)", "{9EB36EA7-B216-4973-917B-2647EE6864E3}"
EndProject
Project("{2150E333-8FDC-42A3-9474-1A3956D46DE8}") = "GameEngine (SDK)", "GameEngine (SDK)", "{B064E3F1-B7F9-4E9D-BE5B-C7DEDB45F8E7}"
EndProject
Project("{2150E333-8FDC-42A3-9474-1A3956D46DE8}") = "SimWorld", "SimWorld", "{5AD175A0-58A2-45CE-A2DA-6787E1394A63}"
EndProject
Project("{FAE04EC0-301F-11D3-BF4B-00C04F79EFBC}") = "WinFormsUI", "WinFormsUI\WinFormsUI.csproj", "{73E019AC-98DD-43D6-A8A3-2483806262B5}"
EndProject
Global
	GlobalSection(SolutionConfigurationPlatforms) = preSolution
		Debug|Any CPU = Debug|Any CPU
		Debug|x64 = Debug|x64
		Debug|x86 = Debug|x86
		Release|Any CPU = Release|Any CPU
		Release|x64 = Release|x64
		Release|x86 = Release|x86
	EndGlobalSection
	GlobalSection(ProjectConfigurationPlatforms) = postSolution
		{239E7FFD-BD08-4572-ABCF-E3F291213798}.Debug|Any CPU.ActiveCfg = Debug|Any CPU
		{239E7FFD-BD08-4572-ABCF-E3F291213798}.Debug|Any CPU.Build.0 = Debug|Any CPU
		{239E7FFD-BD08-4572-ABCF-E3F291213798}.Debug|x64.ActiveCfg = Debug|x64
		{239E7FFD-BD08-4572-ABCF-E3F291213798}.Debug|x64.Build.0 = Debug|x64
		{239E7FFD-BD08-4572-ABCF-E3F291213798}.Debug|x86.ActiveCfg = Debug|Any CPU
		{239E7FFD-BD08-4572-ABCF-E3F291213798}.Debug|x86.Build.0 = Debug|Any CPU
		{239E7FFD-BD08-4572-ABCF-E3F291213798}.Release|Any CPU.ActiveCfg = Release|Any CPU
		{239E7FFD-BD08-4572-ABCF-E3F291213798}.Release|Any CPU.Build.0 = Release|Any CPU
		{239E7FFD-BD08-4572-ABCF-E3F291213798}.Release|x64.ActiveCfg = Release|x64
		{239E7FFD-BD08-4572-ABCF-E3F291213798}.Release|x64.Build.0 = Release|x64
		{239E7FFD-BD08-4572-ABCF-E3F291213798}.Release|x86.ActiveCfg = Release|Any CPU
		{239E7FFD-BD08-4572-ABCF-E3F291213798}.Release|x86.Build.0 = Release|Any CPU
		{8FA1BC9B-47ED-4838-95B3-03589355EAFB}.Debug|Any CPU.ActiveCfg = Debug|Any CPU
		{8FA1BC9B-47ED-4838-95B3-03589355EAFB}.Debug|Any CPU.Build.0 = Debug|Any CPU
		{8FA1BC9B-47ED-4838-95B3-03589355EAFB}.Debug|x64.ActiveCfg = Debug|x64
		{8FA1BC9B-47ED-4838-95B3-03589355EAFB}.Debug|x64.Build.0 = Debug|x64
		{8FA1BC9B-47ED-4838-95B3-03589355EAFB}.Debug|x86.ActiveCfg = Debug|Any CPU
		{8FA1BC9B-47ED-4838-95B3-03589355EAFB}.Debug|x86.Build.0 = Debug|Any CPU
		{8FA1BC9B-47ED-4838-95B3-03589355EAFB}.Release|Any CPU.ActiveCfg = Release|Any CPU
		{8FA1BC9B-47ED-4838-95B3-03589355EAFB}.Release|Any CPU.Build.0 = Release|Any CPU
		{8FA1BC9B-47ED-4838-95B3-03589355EAFB}.Release|x64.ActiveCfg = Release|x64
		{8FA1BC9B-47ED-4838-95B3-03589355EAFB}.Release|x64.Build.0 = Release|x64
		{8FA1BC9B-47ED-4838-95B3-03589355EAFB}.Release|x86.ActiveCfg = Release|Any CPU
		{8FA1BC9B-47ED-4838-95B3-03589355EAFB}.Release|x86.Build.0 = Release|Any CPU
		{C7270C8D-83C5-441E-A22A-889F013A4BE5}.Debug|Any CPU.ActiveCfg = Debug|Any CPU
		{C7270C8D-83C5-441E-A22A-889F013A4BE5}.Debug|Any CPU.Build.0 = Debug|Any CPU
		{C7270C8D-83C5-441E-A22A-889F013A4BE5}.Debug|x64.ActiveCfg = Debug|x64
		{C7270C8D-83C5-441E-A22A-889F013A4BE5}.Debug|x64.Build.0 = Debug|x64
		{C7270C8D-83C5-441E-A22A-889F013A4BE5}.Debug|x86.ActiveCfg = Debug|Any CPU
		{C7270C8D-83C5-441E-A22A-889F013A4BE5}.Debug|x86.Build.0 = Debug|Any CPU
		{C7270C8D-83C5-441E-A22A-889F013A4BE5}.Release|Any CPU.ActiveCfg = Release|Any CPU
		{C7270C8D-83C5-441E-A22A-889F013A4BE5}.Release|Any CPU.Build.0 = Release|Any CPU
		{C7270C8D-83C5-441E-A22A-889F013A4BE5}.Release|x64.ActiveCfg = Release|x64
		{C7270C8D-83C5-441E-A22A-889F013A4BE5}.Release|x64.Build.0 = Release|x64
		{C7270C8D-83C5-441E-A22A-889F013A4BE5}.Release|x86.ActiveCfg = Release|Any CPU
		{C7270C8D-83C5-441E-A22A-889F013A4BE5}.Release|x86.Build.0 = Release|Any CPU
		{4A53F318-33FA-4D2E-9BD9-DAB371F010BE}.Debug|Any CPU.ActiveCfg = Debug|Any CPU
		{4A53F318-33FA-4D2E-9BD9-DAB371F010BE}.Debug|Any CPU.Build.0 = Debug|Any CPU
		{4A53F318-33FA-4D2E-9BD9-DAB371F010BE}.Debug|x64.ActiveCfg = Debug|x64
		{4A53F318-33FA-4D2E-9BD9-DAB371F010BE}.Debug|x64.Build.0 = Debug|x64
		{4A53F318-33FA-4D2E-9BD9-DAB371F010BE}.Debug|x86.ActiveCfg = Debug|Any CPU
		{4A53F318-33FA-4D2E-9BD9-DAB371F010BE}.Debug|x86.Build.0 = Debug|Any CPU
		{4A53F318-33FA-4D2E-9BD9-DAB371F010BE}.Release|Any CPU.ActiveCfg = Release|Any CPU
		{4A53F318-33FA-4D2E-9BD9-DAB371F010BE}.Release|Any CPU.Build.0 = Release|Any CPU
		{4A53F318-33FA-4D2E-9BD9-DAB371F010BE}.Release|x64.ActiveCfg = Release|x64
		{4A53F318-33FA-4D2E-9BD9-DAB371F010BE}.Release|x64.Build.0 = Release|x64
		{4A53F318-33FA-4D2E-9BD9-DAB371F010BE}.Release|x86.ActiveCfg = Release|Any CPU
		{4A53F318-33FA-4D2E-9BD9-DAB371F010BE}.Release|x86.Build.0 = Release|Any CPU
		{9D509CA6-5635-4C05-AD73-76F97CFBABA7}.Debug|Any CPU.ActiveCfg = Debug|Any CPU
		{9D509CA6-5635-4C05-AD73-76F97CFBABA7}.Debug|Any CPU.Build.0 = Debug|Any CPU
		{9D509CA6-5635-4C05-AD73-76F97CFBABA7}.Debug|x64.ActiveCfg = Debug|x64
		{9D509CA6-5635-4C05-AD73-76F97CFBABA7}.Debug|x64.Build.0 = Debug|x64
		{9D509CA6-5635-4C05-AD73-76F97CFBABA7}.Debug|x86.ActiveCfg = Debug|Any CPU
		{9D509CA6-5635-4C05-AD73-76F97CFBABA7}.Debug|x86.Build.0 = Debug|Any CPU
		{9D509CA6-5635-4C05-AD73-76F97CFBABA7}.Release|Any CPU.ActiveCfg = Release|Any CPU
		{9D509CA6-5635-4C05-AD73-76F97CFBABA7}.Release|Any CPU.Build.0 = Release|Any CPU
		{9D509CA6-5635-4C05-AD73-76F97CFBABA7}.Release|x64.ActiveCfg = Release|x64
		{9D509CA6-5635-4C05-AD73-76F97CFBABA7}.Release|x64.Build.0 = Release|x64
		{9D509CA6-5635-4C05-AD73-76F97CFBABA7}.Release|x86.ActiveCfg = Release|Any CPU
		{9D509CA6-5635-4C05-AD73-76F97CFBABA7}.Release|x86.Build.0 = Release|Any CPU
		{ECB1D628-C0CF-419C-AABA-B6277658828D}.Debug|Any CPU.ActiveCfg = Debug|Any CPU
		{ECB1D628-C0CF-419C-AABA-B6277658828D}.Debug|Any CPU.Build.0 = Debug|Any CPU
		{ECB1D628-C0CF-419C-AABA-B6277658828D}.Debug|x64.ActiveCfg = Debug|x64
		{ECB1D628-C0CF-419C-AABA-B6277658828D}.Debug|x64.Build.0 = Debug|x64
		{ECB1D628-C0CF-419C-AABA-B6277658828D}.Debug|x86.ActiveCfg = Debug|Any CPU
		{ECB1D628-C0CF-419C-AABA-B6277658828D}.Debug|x86.Build.0 = Debug|Any CPU
		{ECB1D628-C0CF-419C-AABA-B6277658828D}.Release|Any CPU.ActiveCfg = Release|Any CPU
		{ECB1D628-C0CF-419C-AABA-B6277658828D}.Release|Any CPU.Build.0 = Release|Any CPU
		{ECB1D628-C0CF-419C-AABA-B6277658828D}.Release|x64.ActiveCfg = Release|x64
		{ECB1D628-C0CF-419C-AABA-B6277658828D}.Release|x64.Build.0 = Release|x64
		{ECB1D628-C0CF-419C-AABA-B6277658828D}.Release|x86.ActiveCfg = Release|Any CPU
		{ECB1D628-C0CF-419C-AABA-B6277658828D}.Release|x86.Build.0 = Release|Any CPU
		{3A00E1D0-1DE5-449B-B9EA-2EEA46A6CC0F}.Debug|Any CPU.ActiveCfg = Debug|Any CPU
		{3A00E1D0-1DE5-449B-B9EA-2EEA46A6CC0F}.Debug|Any CPU.Build.0 = Debug|Any CPU
		{3A00E1D0-1DE5-449B-B9EA-2EEA46A6CC0F}.Debug|x64.ActiveCfg = Debug|x64
		{3A00E1D0-1DE5-449B-B9EA-2EEA46A6CC0F}.Debug|x64.Build.0 = Debug|x64
		{3A00E1D0-1DE5-449B-B9EA-2EEA46A6CC0F}.Debug|x86.ActiveCfg = Debug|Any CPU
		{3A00E1D0-1DE5-449B-B9EA-2EEA46A6CC0F}.Debug|x86.Build.0 = Debug|Any CPU
		{3A00E1D0-1DE5-449B-B9EA-2EEA46A6CC0F}.Release|Any CPU.ActiveCfg = Release|Any CPU
		{3A00E1D0-1DE5-449B-B9EA-2EEA46A6CC0F}.Release|Any CPU.Build.0 = Release|Any CPU
		{3A00E1D0-1DE5-449B-B9EA-2EEA46A6CC0F}.Release|x64.ActiveCfg = Release|x64
		{3A00E1D0-1DE5-449B-B9EA-2EEA46A6CC0F}.Release|x64.Build.0 = Release|x64
		{3A00E1D0-1DE5-449B-B9EA-2EEA46A6CC0F}.Release|x86.ActiveCfg = Release|Any CPU
		{3A00E1D0-1DE5-449B-B9EA-2EEA46A6CC0F}.Release|x86.Build.0 = Release|Any CPU
		{9E92AC80-5200-4DB5-9C91-B2EC1FDB930F}.Debug|Any CPU.ActiveCfg = Debug|Any CPU
		{9E92AC80-5200-4DB5-9C91-B2EC1FDB930F}.Debug|Any CPU.Build.0 = Debug|Any CPU
		{9E92AC80-5200-4DB5-9C91-B2EC1FDB930F}.Debug|x64.ActiveCfg = Debug|x64
		{9E92AC80-5200-4DB5-9C91-B2EC1FDB930F}.Debug|x64.Build.0 = Debug|x64
		{9E92AC80-5200-4DB5-9C91-B2EC1FDB930F}.Debug|x86.ActiveCfg = Debug|Any CPU
		{9E92AC80-5200-4DB5-9C91-B2EC1FDB930F}.Debug|x86.Build.0 = Debug|Any CPU
		{9E92AC80-5200-4DB5-9C91-B2EC1FDB930F}.Release|Any CPU.ActiveCfg = Release|Any CPU
		{9E92AC80-5200-4DB5-9C91-B2EC1FDB930F}.Release|Any CPU.Build.0 = Release|Any CPU
		{9E92AC80-5200-4DB5-9C91-B2EC1FDB930F}.Release|x64.ActiveCfg = Release|x64
		{9E92AC80-5200-4DB5-9C91-B2EC1FDB930F}.Release|x64.Build.0 = Release|x64
		{9E92AC80-5200-4DB5-9C91-B2EC1FDB930F}.Release|x86.ActiveCfg = Release|Any CPU
		{9E92AC80-5200-4DB5-9C91-B2EC1FDB930F}.Release|x86.Build.0 = Release|Any CPU
		{7D4E98CC-BB51-4BCB-BC75-422A37ACF8B6}.Debug|Any CPU.ActiveCfg = Debug|Any CPU
		{7D4E98CC-BB51-4BCB-BC75-422A37ACF8B6}.Debug|Any CPU.Build.0 = Debug|Any CPU
		{7D4E98CC-BB51-4BCB-BC75-422A37ACF8B6}.Debug|x64.ActiveCfg = Debug|x64
		{7D4E98CC-BB51-4BCB-BC75-422A37ACF8B6}.Debug|x64.Build.0 = Debug|x64
		{7D4E98CC-BB51-4BCB-BC75-422A37ACF8B6}.Debug|x86.ActiveCfg = Debug|Any CPU
		{7D4E98CC-BB51-4BCB-BC75-422A37ACF8B6}.Debug|x86.Build.0 = Debug|Any CPU
		{7D4E98CC-BB51-4BCB-BC75-422A37ACF8B6}.Release|Any CPU.ActiveCfg = Release|Any CPU
		{7D4E98CC-BB51-4BCB-BC75-422A37ACF8B6}.Release|Any CPU.Build.0 = Release|Any CPU
		{7D4E98CC-BB51-4BCB-BC75-422A37ACF8B6}.Release|x64.ActiveCfg = Release|x64
		{7D4E98CC-BB51-4BCB-BC75-422A37ACF8B6}.Release|x64.Build.0 = Release|x64
		{7D4E98CC-BB51-4BCB-BC75-422A37ACF8B6}.Release|x86.ActiveCfg = Release|Any CPU
		{7D4E98CC-BB51-4BCB-BC75-422A37ACF8B6}.Release|x86.Build.0 = Release|Any CPU
		{DDEBD4A4-3232-4F28-A674-9CC75A7F49E0}.Debug|Any CPU.ActiveCfg = Debug|Any CPU
		{DDEBD4A4-3232-4F28-A674-9CC75A7F49E0}.Debug|Any CPU.Build.0 = Debug|Any CPU
		{DDEBD4A4-3232-4F28-A674-9CC75A7F49E0}.Debug|x64.ActiveCfg = Debug|x64
		{DDEBD4A4-3232-4F28-A674-9CC75A7F49E0}.Debug|x64.Build.0 = Debug|x64
		{DDEBD4A4-3232-4F28-A674-9CC75A7F49E0}.Debug|x86.ActiveCfg = Debug|Any CPU
		{DDEBD4A4-3232-4F28-A674-9CC75A7F49E0}.Debug|x86.Build.0 = Debug|Any CPU
		{DDEBD4A4-3232-4F28-A674-9CC75A7F49E0}.Release|Any CPU.ActiveCfg = Release|Any CPU
		{DDEBD4A4-3232-4F28-A674-9CC75A7F49E0}.Release|Any CPU.Build.0 = Release|Any CPU
		{DDEBD4A4-3232-4F28-A674-9CC75A7F49E0}.Release|x64.ActiveCfg = Release|x64
		{DDEBD4A4-3232-4F28-A674-9CC75A7F49E0}.Release|x64.Build.0 = Release|x64
		{DDEBD4A4-3232-4F28-A674-9CC75A7F49E0}.Release|x86.ActiveCfg = Release|Any CPU
		{DDEBD4A4-3232-4F28-A674-9CC75A7F49E0}.Release|x86.Build.0 = Release|Any CPU
		{816801C1-6CB2-4A0A-9975-7C1A497ECFAC}.Debug|Any CPU.ActiveCfg = Debug|Any CPU
		{816801C1-6CB2-4A0A-9975-7C1A497ECFAC}.Debug|Any CPU.Build.0 = Debug|Any CPU
		{816801C1-6CB2-4A0A-9975-7C1A497ECFAC}.Debug|x64.ActiveCfg = Debug|x64
		{816801C1-6CB2-4A0A-9975-7C1A497ECFAC}.Debug|x64.Build.0 = Debug|x64
		{816801C1-6CB2-4A0A-9975-7C1A497ECFAC}.Debug|x86.ActiveCfg = Debug|Any CPU
		{816801C1-6CB2-4A0A-9975-7C1A497ECFAC}.Debug|x86.Build.0 = Debug|Any CPU
		{816801C1-6CB2-4A0A-9975-7C1A497ECFAC}.Release|Any CPU.ActiveCfg = Release|Any CPU
		{816801C1-6CB2-4A0A-9975-7C1A497ECFAC}.Release|Any CPU.Build.0 = Release|Any CPU
		{816801C1-6CB2-4A0A-9975-7C1A497ECFAC}.Release|x64.ActiveCfg = Release|x64
		{816801C1-6CB2-4A0A-9975-7C1A497ECFAC}.Release|x64.Build.0 = Release|x64
		{816801C1-6CB2-4A0A-9975-7C1A497ECFAC}.Release|x86.ActiveCfg = Release|Any CPU
		{816801C1-6CB2-4A0A-9975-7C1A497ECFAC}.Release|x86.Build.0 = Release|Any CPU
		{F0F7BFE9-E33B-4956-A7A6-D9F05CD54B2D}.Debug|Any CPU.ActiveCfg = Debug|Any CPU
		{F0F7BFE9-E33B-4956-A7A6-D9F05CD54B2D}.Debug|Any CPU.Build.0 = Debug|Any CPU
		{F0F7BFE9-E33B-4956-A7A6-D9F05CD54B2D}.Debug|x64.ActiveCfg = Debug|x64
		{F0F7BFE9-E33B-4956-A7A6-D9F05CD54B2D}.Debug|x64.Build.0 = Debug|x64
		{F0F7BFE9-E33B-4956-A7A6-D9F05CD54B2D}.Debug|x86.ActiveCfg = Debug|Any CPU
		{F0F7BFE9-E33B-4956-A7A6-D9F05CD54B2D}.Debug|x86.Build.0 = Debug|Any CPU
		{F0F7BFE9-E33B-4956-A7A6-D9F05CD54B2D}.Release|Any CPU.ActiveCfg = Release|Any CPU
		{F0F7BFE9-E33B-4956-A7A6-D9F05CD54B2D}.Release|Any CPU.Build.0 = Release|Any CPU
		{F0F7BFE9-E33B-4956-A7A6-D9F05CD54B2D}.Release|x64.ActiveCfg = Release|x64
		{F0F7BFE9-E33B-4956-A7A6-D9F05CD54B2D}.Release|x64.Build.0 = Release|x64
		{F0F7BFE9-E33B-4956-A7A6-D9F05CD54B2D}.Release|x86.ActiveCfg = Release|Any CPU
		{F0F7BFE9-E33B-4956-A7A6-D9F05CD54B2D}.Release|x86.Build.0 = Release|Any CPU
		{73A2F09D-9BCF-4FDA-9428-4D0E239F858D}.Debug|Any CPU.ActiveCfg = Debug|Any CPU
		{73A2F09D-9BCF-4FDA-9428-4D0E239F858D}.Debug|Any CPU.Build.0 = Debug|Any CPU
		{73A2F09D-9BCF-4FDA-9428-4D0E239F858D}.Debug|x64.ActiveCfg = Debug|x64
		{73A2F09D-9BCF-4FDA-9428-4D0E239F858D}.Debug|x64.Build.0 = Debug|x64
		{73A2F09D-9BCF-4FDA-9428-4D0E239F858D}.Debug|x86.ActiveCfg = Debug|Any CPU
		{73A2F09D-9BCF-4FDA-9428-4D0E239F858D}.Debug|x86.Build.0 = Debug|Any CPU
		{73A2F09D-9BCF-4FDA-9428-4D0E239F858D}.Release|Any CPU.ActiveCfg = Release|Any CPU
		{73A2F09D-9BCF-4FDA-9428-4D0E239F858D}.Release|Any CPU.Build.0 = Release|Any CPU
		{73A2F09D-9BCF-4FDA-9428-4D0E239F858D}.Release|x64.ActiveCfg = Release|x64
		{73A2F09D-9BCF-4FDA-9428-4D0E239F858D}.Release|x64.Build.0 = Release|x64
		{73A2F09D-9BCF-4FDA-9428-4D0E239F858D}.Release|x86.ActiveCfg = Release|Any CPU
		{73A2F09D-9BCF-4FDA-9428-4D0E239F858D}.Release|x86.Build.0 = Release|Any CPU
		{18B2E4E7-CB77-44C3-865B-BE05620ABA4D}.Debug|Any CPU.ActiveCfg = Debug|Any CPU
		{18B2E4E7-CB77-44C3-865B-BE05620ABA4D}.Debug|Any CPU.Build.0 = Debug|Any CPU
		{18B2E4E7-CB77-44C3-865B-BE05620ABA4D}.Debug|x64.ActiveCfg = Debug|x64
		{18B2E4E7-CB77-44C3-865B-BE05620ABA4D}.Debug|x64.Build.0 = Debug|x64
		{18B2E4E7-CB77-44C3-865B-BE05620ABA4D}.Debug|x86.ActiveCfg = Debug|Any CPU
		{18B2E4E7-CB77-44C3-865B-BE05620ABA4D}.Release|Any CPU.ActiveCfg = Release|Any CPU
		{18B2E4E7-CB77-44C3-865B-BE05620ABA4D}.Release|Any CPU.Build.0 = Release|Any CPU
		{18B2E4E7-CB77-44C3-865B-BE05620ABA4D}.Release|x64.ActiveCfg = Release|x64
		{18B2E4E7-CB77-44C3-865B-BE05620ABA4D}.Release|x64.Build.0 = Release|x64
		{18B2E4E7-CB77-44C3-865B-BE05620ABA4D}.Release|x86.ActiveCfg = Release|Any CPU
		{B20726D0-F6B5-4028-9E10-20D2AA51277E}.Debug|Any CPU.ActiveCfg = Debug|Any CPU
		{B20726D0-F6B5-4028-9E10-20D2AA51277E}.Debug|Any CPU.Build.0 = Debug|Any CPU
		{B20726D0-F6B5-4028-9E10-20D2AA51277E}.Debug|x64.ActiveCfg = Debug|x64
		{B20726D0-F6B5-4028-9E10-20D2AA51277E}.Debug|x64.Build.0 = Debug|x64
		{B20726D0-F6B5-4028-9E10-20D2AA51277E}.Debug|x86.ActiveCfg = Debug|Any CPU
		{B20726D0-F6B5-4028-9E10-20D2AA51277E}.Debug|x86.Build.0 = Debug|Any CPU
		{B20726D0-F6B5-4028-9E10-20D2AA51277E}.Release|Any CPU.ActiveCfg = Release|Any CPU
		{B20726D0-F6B5-4028-9E10-20D2AA51277E}.Release|Any CPU.Build.0 = Release|Any CPU
		{B20726D0-F6B5-4028-9E10-20D2AA51277E}.Release|x64.ActiveCfg = Release|x64
		{B20726D0-F6B5-4028-9E10-20D2AA51277E}.Release|x64.Build.0 = Release|x64
		{B20726D0-F6B5-4028-9E10-20D2AA51277E}.Release|x86.ActiveCfg = Release|Any CPU
		{B20726D0-F6B5-4028-9E10-20D2AA51277E}.Release|x86.Build.0 = Release|Any CPU
		{2F07DF26-FD0F-46A4-9D04-1269A692A5AC}.Debug|Any CPU.ActiveCfg = Debug|Any CPU
		{2F07DF26-FD0F-46A4-9D04-1269A692A5AC}.Debug|Any CPU.Build.0 = Debug|Any CPU
		{2F07DF26-FD0F-46A4-9D04-1269A692A5AC}.Debug|x64.ActiveCfg = Debug|Any CPU
		{2F07DF26-FD0F-46A4-9D04-1269A692A5AC}.Debug|x64.Build.0 = Debug|Any CPU
		{2F07DF26-FD0F-46A4-9D04-1269A692A5AC}.Debug|x86.ActiveCfg = Debug|Any CPU
		{2F07DF26-FD0F-46A4-9D04-1269A692A5AC}.Debug|x86.Build.0 = Debug|Any CPU
		{2F07DF26-FD0F-46A4-9D04-1269A692A5AC}.Release|Any CPU.ActiveCfg = Release|Any CPU
		{2F07DF26-FD0F-46A4-9D04-1269A692A5AC}.Release|Any CPU.Build.0 = Release|Any CPU
		{2F07DF26-FD0F-46A4-9D04-1269A692A5AC}.Release|x64.ActiveCfg = Release|x64
		{2F07DF26-FD0F-46A4-9D04-1269A692A5AC}.Release|x64.Build.0 = Release|x64
		{2F07DF26-FD0F-46A4-9D04-1269A692A5AC}.Release|x86.ActiveCfg = Release|Any CPU
		{2F07DF26-FD0F-46A4-9D04-1269A692A5AC}.Release|x86.Build.0 = Release|Any CPU
		{49BA1C69-6104-41AC-A5D8-B54FA9F696E8}.Debug|Any CPU.ActiveCfg = Debug|Any CPU
		{49BA1C69-6104-41AC-A5D8-B54FA9F696E8}.Debug|Any CPU.Build.0 = Debug|Any CPU
		{49BA1C69-6104-41AC-A5D8-B54FA9F696E8}.Debug|x64.ActiveCfg = Debug|x64
		{49BA1C69-6104-41AC-A5D8-B54FA9F696E8}.Debug|x64.Build.0 = Debug|x64
		{49BA1C69-6104-41AC-A5D8-B54FA9F696E8}.Debug|x86.ActiveCfg = Debug|Any CPU
		{49BA1C69-6104-41AC-A5D8-B54FA9F696E8}.Debug|x86.Build.0 = Debug|Any CPU
		{49BA1C69-6104-41AC-A5D8-B54FA9F696E8}.Release|Any CPU.ActiveCfg = Release|Any CPU
		{49BA1C69-6104-41AC-A5D8-B54FA9F696E8}.Release|Any CPU.Build.0 = Release|Any CPU
		{49BA1C69-6104-41AC-A5D8-B54FA9F696E8}.Release|x64.ActiveCfg = Release|x64
		{49BA1C69-6104-41AC-A5D8-B54FA9F696E8}.Release|x64.Build.0 = Release|x64
		{49BA1C69-6104-41AC-A5D8-B54FA9F696E8}.Release|x86.ActiveCfg = Release|Any CPU
		{49BA1C69-6104-41AC-A5D8-B54FA9F696E8}.Release|x86.Build.0 = Release|Any CPU
		{73E019AC-98DD-43D6-A8A3-2483806262B5}.Debug|Any CPU.ActiveCfg = Debug|Any CPU
		{73E019AC-98DD-43D6-A8A3-2483806262B5}.Debug|Any CPU.Build.0 = Debug|Any CPU
		{73E019AC-98DD-43D6-A8A3-2483806262B5}.Debug|x64.ActiveCfg = Debug|x64
		{73E019AC-98DD-43D6-A8A3-2483806262B5}.Debug|x64.Build.0 = Debug|x64
		{73E019AC-98DD-43D6-A8A3-2483806262B5}.Debug|x86.ActiveCfg = Debug|x86
		{73E019AC-98DD-43D6-A8A3-2483806262B5}.Debug|x86.Build.0 = Debug|x86
		{73E019AC-98DD-43D6-A8A3-2483806262B5}.Release|Any CPU.ActiveCfg = Release|Any CPU
		{73E019AC-98DD-43D6-A8A3-2483806262B5}.Release|Any CPU.Build.0 = Release|Any CPU
		{73E019AC-98DD-43D6-A8A3-2483806262B5}.Release|x64.ActiveCfg = Release|x64
		{73E019AC-98DD-43D6-A8A3-2483806262B5}.Release|x64.Build.0 = Release|x64
		{73E019AC-98DD-43D6-A8A3-2483806262B5}.Release|x86.ActiveCfg = Release|x86
		{73E019AC-98DD-43D6-A8A3-2483806262B5}.Release|x86.Build.0 = Release|x86
	EndGlobalSection
	GlobalSection(SolutionProperties) = preSolution
		HideSolutionNode = FALSE
	EndGlobalSection
	GlobalSection(NestedProjects) = preSolution
		{239E7FFD-BD08-4572-ABCF-E3F291213798} = {64161CF8-9A52-4486-B0EA-F18DF2D99A49}
		{8FA1BC9B-47ED-4838-95B3-03589355EAFB} = {64161CF8-9A52-4486-B0EA-F18DF2D99A49}
		{C7270C8D-83C5-441E-A22A-889F013A4BE5} = {64161CF8-9A52-4486-B0EA-F18DF2D99A49}
		{4A53F318-33FA-4D2E-9BD9-DAB371F010BE} = {64161CF8-9A52-4486-B0EA-F18DF2D99A49}
		{9D509CA6-5635-4C05-AD73-76F97CFBABA7} = {64161CF8-9A52-4486-B0EA-F18DF2D99A49}
		{ECB1D628-C0CF-419C-AABA-B6277658828D} = {43E556E8-B9A6-4F6E-B699-C66A8203D1C2}
		{C465F876-55F4-4C41-BA9B-D954969B7A48} = {43E556E8-B9A6-4F6E-B699-C66A8203D1C2}
		{3A00E1D0-1DE5-449B-B9EA-2EEA46A6CC0F} = {43E556E8-B9A6-4F6E-B699-C66A8203D1C2}
		{9E92AC80-5200-4DB5-9C91-B2EC1FDB930F} = {9EB36EA7-B216-4973-917B-2647EE6864E3}
		{43E556E8-B9A6-4F6E-B699-C66A8203D1C2} = {ECF3A926-C6F6-4172-9905-110ED39A1E7B}
		{7D4E98CC-BB51-4BCB-BC75-422A37ACF8B6} = {6B4203B2-B734-4F34-8DB2-5A2FFA9B3E34}
		{DDEBD4A4-3232-4F28-A674-9CC75A7F49E0} = {64161CF8-9A52-4486-B0EA-F18DF2D99A49}
		{816801C1-6CB2-4A0A-9975-7C1A497ECFAC} = {43E556E8-B9A6-4F6E-B699-C66A8203D1C2}
		{F0F7BFE9-E33B-4956-A7A6-D9F05CD54B2D} = {64161CF8-9A52-4486-B0EA-F18DF2D99A49}
		{73A2F09D-9BCF-4FDA-9428-4D0E239F858D} = {64161CF8-9A52-4486-B0EA-F18DF2D99A49}
		{18B2E4E7-CB77-44C3-865B-BE05620ABA4D} = {F24E2444-67F1-4F0E-8A08-2B65AE1D44CB}
		{B20726D0-F6B5-4028-9E10-20D2AA51277E} = {64161CF8-9A52-4486-B0EA-F18DF2D99A49}
		{F24E2444-67F1-4F0E-8A08-2B65AE1D44CB} = {43E556E8-B9A6-4F6E-B699-C66A8203D1C2}
		{2F07DF26-FD0F-46A4-9D04-1269A692A5AC} = {9EB36EA7-B216-4973-917B-2647EE6864E3}
		{8D054AB2-B55C-49A9-8334-66CCEE615AE5} = {9EB36EA7-B216-4973-917B-2647EE6864E3}
		{49BA1C69-6104-41AC-A5D8-B54FA9F696E8} = {8D054AB2-B55C-49A9-8334-66CCEE615AE5}
		{5AD175A0-58A2-45CE-A2DA-6787E1394A63} = {ECF3A926-C6F6-4172-9905-110ED39A1E7B}
		{73E019AC-98DD-43D6-A8A3-2483806262B5} = {ECF3A926-C6F6-4172-9905-110ED39A1E7B}
	EndGlobalSection
	GlobalSection(ExtensibilityGlobals) = postSolution
		SolutionGuid = {0397BC77-C062-4840-B438-4A198DBBD650}
	EndGlobalSection
EndGlobal
